
Microsoft Visual Studio Solution File, Format Version 12.00
# Visual Studio Version 16
VisualStudioVersion = 16.0.32602.291
MinimumVisualStudioVersion = 10.0.40219.1
Project("{FAE04EC0-301F-11D3-BF4B-00C04F79EFBC}") = "repository_pattern_1", "repository_pattern_1\repository_pattern_1.csproj", "{77D29FAC-685F-4BE4-A883-D845AC157323}"
EndProject
Project("{FAE04EC0-301F-11D3-BF4B-00C04F79EFBC}") = "Model", "Model\Model.csproj", "{FC4AA964-D018-4EF3-BF28-F1CE63879FF1}"
EndProject
Project("{FAE04EC0-301F-11D3-BF4B-00C04F79EFBC}") = "DTOModel", "DTOModel\DTOModel.csproj", "{EE04AA5C-CF6C-4EFE-ACA0-103F8783BBBB}"
EndProject
Project("{FAE04EC0-301F-11D3-BF4B-00C04F79EFBC}") = "repository", "repository\repository.csproj", "{1480A25F-A606-4142-A2D4-420238A9E62B}"
EndProject
Project("{FAE04EC0-301F-11D3-BF4B-00C04F79EFBC}") = "Repo.Service1", "Repo.Service1\Repo.Service1.csproj", "{6DEBDCF8-F4C9-4583-B128-C850BA3F4C55}"
EndProject
Global
	GlobalSection(SolutionConfigurationPlatforms) = preSolution
		Debug|Any CPU = Debug|Any CPU
		Release|Any CPU = Release|Any CPU
	EndGlobalSection
	GlobalSection(ProjectConfigurationPlatforms) = postSolution
		{77D29FAC-685F-4BE4-A883-D845AC157323}.Debug|Any CPU.ActiveCfg = Debug|Any CPU
		{77D29FAC-685F-4BE4-A883-D845AC157323}.Debug|Any CPU.Build.0 = Debug|Any CPU
		{77D29FAC-685F-4BE4-A883-D845AC157323}.Release|Any CPU.ActiveCfg = Release|Any CPU
		{77D29FAC-685F-4BE4-A883-D845AC157323}.Release|Any CPU.Build.0 = Release|Any CPU
		{FC4AA964-D018-4EF3-BF28-F1CE63879FF1}.Debug|Any CPU.ActiveCfg = Debug|Any CPU
		{FC4AA964-D018-4EF3-BF28-F1CE63879FF1}.Debug|Any CPU.Build.0 = Debug|Any CPU
		{FC4AA964-D018-4EF3-BF28-F1CE63879FF1}.Release|Any CPU.ActiveCfg = Release|Any CPU
		{FC4AA964-D018-4EF3-BF28-F1CE63879FF1}.Release|Any CPU.Build.0 = Release|Any CPU
		{EE04AA5C-CF6C-4EFE-ACA0-103F8783BBBB}.Debug|Any CPU.ActiveCfg = Debug|Any CPU
		{EE04AA5C-CF6C-4EFE-ACA0-103F8783BBBB}.Debug|Any CPU.Build.0 = Debug|Any CPU
		{EE04AA5C-CF6C-4EFE-ACA0-103F8783BBBB}.Release|Any CPU.ActiveCfg = Release|Any CPU
		{EE04AA5C-CF6C-4EFE-ACA0-103F8783BBBB}.Release|Any CPU.Build.0 = Release|Any CPU
		{1480A25F-A606-4142-A2D4-420238A9E62B}.Debug|Any CPU.ActiveCfg = Debug|Any CPU
		{1480A25F-A606-4142-A2D4-420238A9E62B}.Debug|Any CPU.Build.0 = Debug|Any CPU
		{1480A25F-A606-4142-A2D4-420238A9E62B}.Release|Any CPU.ActiveCfg = Release|Any CPU
		{1480A25F-A606-4142-A2D4-420238A9E62B}.Release|Any CPU.Build.0 = Release|Any CPU
		{6DEBDCF8-F4C9-4583-B128-C850BA3F4C55}.Debug|Any CPU.ActiveCfg = Debug|Any CPU
		{6DEBDCF8-F4C9-4583-B128-C850BA3F4C55}.Debug|Any CPU.Build.0 = Debug|Any CPU
		{6DEBDCF8-F4C9-4583-B128-C850BA3F4C55}.Release|Any CPU.ActiveCfg = Release|Any CPU
		{6DEBDCF8-F4C9-4583-B128-C850BA3F4C55}.Release|Any CPU.Build.0 = Release|Any CPU
	EndGlobalSection
	GlobalSection(SolutionProperties) = preSolution
		HideSolutionNode = FALSE
	EndGlobalSection
	GlobalSection(ExtensibilityGlobals) = postSolution
		SolutionGuid = {9B4C87E8-05CE-476C-96BE-E1137A58851A}
	EndGlobalSection
EndGlobal
